
Microsoft Visual Studio Solution File, Format Version 12.00
# Visual Studio Version 17
VisualStudioVersion = 17.13.35825.156 d17.13
MinimumVisualStudioVersion = 10.0.40219.1
Project("{FAE04EC0-301F-11D3-BF4B-00C04F79EFBC}") = "DoAnNhom3", "DoAnNhom3\DoAnNhom3.csproj", "{88A5EF37-D772-4055-89E1-4DE418FE5B16}"
EndProject
Global
	GlobalSection(SolutionConfigurationPlatforms) = preSolution
		Debug|Any CPU = Debug|Any CPU
		Release|Any CPU = Release|Any CPU
	EndGlobalSection
	GlobalSection(ProjectConfigurationPlatforms) = postSolution
		{88A5EF37-D772-4055-89E1-4DE418FE5B16}.Debug|Any CPU.ActiveCfg = Debug|Any CPU
		{88A5EF37-D772-4055-89E1-4DE418FE5B16}.Debug|Any CPU.Build.0 = Debug|Any CPU
		{88A5EF37-D772-4055-89E1-4DE418FE5B16}.Release|Any CPU.ActiveCfg = Release|Any CPU
		{88A5EF37-D772-4055-89E1-4DE418FE5B16}.Release|Any CPU.Build.0 = Release|Any CPU
	EndGlobalSection
	GlobalSection(SolutionProperties) = preSolution
		HideSolutionNode = FALSE
	EndGlobalSection
	GlobalSection(ExtensibilityGlobals) = postSolution
		SolutionGuid = {62AFBEBE-1FD6-4F0E-A39D-3B7798ADC62E}
	EndGlobalSection
EndGlobal
